
Microsoft Visual Studio Solution File, Format Version 12.00
# Visual Studio Version 17
VisualStudioVersion = 17.11.35327.3
MinimumVisualStudioVersion = 10.0.40219.1
Project("{FAE04EC0-301F-11D3-BF4B-00C04F79EFBC}") = "QuanlySinhvien", "QuanlySinhvien\QuanlySinhvien.csproj", "{13CF56B2-C031-4787-AB35-0B706C1DC6DF}"
EndProject
Global
	GlobalSection(SolutionConfigurationPlatforms) = preSolution
		Debug|Any CPU = Debug|Any CPU
		Release|Any CPU = Release|Any CPU
	EndGlobalSection
	GlobalSection(ProjectConfigurationPlatforms) = postSolution
		{13CF56B2-C031-4787-AB35-0B706C1DC6DF}.Debug|Any CPU.ActiveCfg = Debug|Any CPU
		{13CF56B2-C031-4787-AB35-0B706C1DC6DF}.Debug|Any CPU.Build.0 = Debug|Any CPU
		{13CF56B2-C031-4787-AB35-0B706C1DC6DF}.Release|Any CPU.ActiveCfg = Release|Any CPU
		{13CF56B2-C031-4787-AB35-0B706C1DC6DF}.Release|Any CPU.Build.0 = Release|Any CPU
	EndGlobalSection
	GlobalSection(SolutionProperties) = preSolution
		HideSolutionNode = FALSE
	EndGlobalSection
	GlobalSection(ExtensibilityGlobals) = postSolution
		SolutionGuid = {C08DD8F1-A70D-43C7-98FA-D9C3CDFAE57C}
	EndGlobalSection
EndGlobal
